{
  "version": "4",
  "specifiers": {
    "jsr:@std/assert@*": "1.0.6",
    "npm:@types/chai@*": "5.0.0",
    "npm:chai@*": "5.1.1"
  },
  "jsr": {
    "@std/assert@1.0.6": {
      "integrity": "1904c05806a25d94fe791d6d883b685c9e2dcd60e4f9fc30f4fc5cf010c72207"
    }
  },
  "npm": {
    "@types/chai@5.0.0": {
      "integrity": "sha512-+DwhEHAaFPPdJ2ral3kNHFQXnTfscEEFsUxzD+d7nlcLrFK23JtNjH71RGasTcHb88b4vVi4mTyfpf8u2L8bdA=="
    },
    "assertion-error@2.0.1": {
      "integrity": "sha512-Izi8RQcffqCeNVgFigKli1ssklIbpHnCYc6AknXGYoB6grJqyeby7jv12JUQgmTAnIDnbck1uxksT4dzN3PWBA=="
    },
    "chai@5.1.1": {
      "integrity": "sha512-pT1ZgP8rPNqUgieVaEY+ryQr6Q4HXNg8Ei9UnLUrjN4IA7dvQC5JB+/kxVcPNDHyBcc/26CXPkbNzq3qwrOEKA==",
      "dependencies": [
        "assertion-error",
        "check-error",
        "deep-eql",
        "loupe",
        "pathval"
      ]
    },
    "check-error@2.1.1": {
      "integrity": "sha512-OAlb+T7V4Op9OwdkjmguYRqncdlx5JiofwOAUkmTF+jNdHwzTaTs4sRAGpzLF3oOz5xAyDGrPgeIDFQmDOTiJw=="
    },
    "deep-eql@5.0.2": {
      "integrity": "sha512-h5k/5U50IJJFpzfL6nO9jaaumfjO/f2NjK/oYB2Djzm4p9L+3T9qWpZqZ2hAbLPuuYq9wrU08WQyBTL5GbPk5Q=="
    },
    "loupe@3.1.2": {
      "integrity": "sha512-23I4pFZHmAemUnz8WZXbYRSKYj801VDaNv9ETuMh7IrMc7VuVVSo+Z9iLE3ni30+U48iDWfi30d3twAXBYmnCg=="
    },
    "pathval@2.0.0": {
      "integrity": "sha512-vE7JKRyES09KiunauX7nd2Q9/L7lhok4smP9RZTDeD4MVs72Dp2qNFVz39Nz5a0FVEW0BJR6C0DYrq6unoziZA=="
    }
  }
}
